// !$*UTF8*$!
{
	archiveVersion = 1;
	classes = {
	};
	objectVersion = 55;
	objects = {

/* Begin PBXBuildFile section */
		FBFBE73F275DDB7C009D2951 /* SidebarApp.swift in Sources */ = {isa = PBXBuildFile; fileRef = FBFBE73E275DDB7C009D2951 /* SidebarApp.swift */; };
		FBFBE741275DDB7C009D2951 /* ContentView.swift in Sources */ = {isa = PBXBuildFile; fileRef = FBFBE740275DDB7C009D2951 /* ContentView.swift */; };
		FBFBE743275DDB83009D2951 /* Assets.xcassets in Resources */ = {isa = PBXBuildFile; fileRef = FBFBE742275DDB83009D2951 /* Assets.xcassets */; };
		FBFBE746275DDB83009D2951 /* Preview Assets.xcassets in Resources */ = {isa = PBXBuildFile; fileRef = FBFBE745275DDB83009D2951 /* Preview Assets.xcassets */; };
		FBFBE750275DDB83009D2951 /* SidebarTests.swift in Sources */ = {isa = PBXBuildFile; fileRef = FBFBE74F275DDB83009D2951 /* SidebarTests.swift */; };
		FBFBE75A275DDB83009D2951 /* SidebarUITests.swift in Sources */ = {isa = PBXBuildFile; fileRef = FBFBE759275DDB83009D2951 /* SidebarUITests.swift */; };
		FBFBE75C275DDB83009D2951 /* SidebarUITestsLaunchTests.swift in Sources */ = {isa = PBXBuildFile; fileRef = FBFBE75B275DDB83009D2951 /* SidebarUITestsLaunchTests.swift */; };
/* End PBXBuildFile section */

/* Begin PBXContainerItemProxy section */
		FBFBE74C275DDB83009D2951 /* PBXContainerItemProxy */ = {
			isa = PBXContainerItemProxy;
			containerPortal = FBFBE733275DDB7C009D2951 /* Project object */;
			proxyType = 1;
			remoteGlobalIDString = FBFBE73A275DDB7C009D2951;
			remoteInfo = Sidebar;
		};
		FBFBE756275DDB83009D2951 /* PBXContainerItemProxy */ = {
			isa = PBXContainerItemProxy;
			containerPortal = FBFBE733275DDB7C009D2951 /* Project object */;
			proxyType = 1;
			remoteGlobalIDString = FBFBE73A275DDB7C009D2951;
			remoteInfo = Sidebar;
		};
/* End PBXContainerItemProxy section */

/* Begin PBXFileReference section */
		FBFBE73B275DDB7C009D2951 /* Sidebar.app */ = {isa = PBXFileReference; explicitFileType = wrapper.application; includeInIndex = 0; path = Sidebar.app; sourceTree = BUILT_PRODUCTS_DIR; };
		FBFBE73E275DDB7C009D2951 /* SidebarApp.swift */ = {isa = PBXFileReference; lastKnownFileType = sourcecode.swift; path = SidebarApp.swift; sourceTree = "<group>"; };
		FBFBE740275DDB7C009D2951 /* ContentView.swift */ = {isa = PBXFileReference; lastKnownFileType = sourcecode.swift; path = ContentView.swift; sourceTree = "<group>"; };
		FBFBE742275DDB83009D2951 /* Assets.xcassets */ = {isa = PBXFileReference; lastKnownFileType = folder.assetcatalog; path = Assets.xcassets; sourceTree = "<group>"; };
		FBFBE745275DDB83009D2951 /* Preview Assets.xcassets */ = {isa = PBXFileReference; lastKnownFileType = folder.assetcatalog; path = "Preview Assets.xcassets"; sourceTree = "<group>"; };
		FBFBE74B275DDB83009D2951 /* SidebarTests.xctest */ = {isa = PBXFileReference; explicitFileType = wrapper.cfbundle; includeInIndex = 0; path = SidebarTests.xctest; sourceTree = BUILT_PRODUCTS_DIR; };
		FBFBE74F275DDB83009D2951 /* SidebarTests.swift */ = {isa = PBXFileReference; lastKnownFileType = sourcecode.swift; path = SidebarTests.swift; sourceTree = "<group>"; };
		FBFBE755275DDB83009D2951 /* SidebarUITests.xctest */ = {isa = PBXFileReference; explicitFileType = wrapper.cfbundle; includeInIndex = 0; path = SidebarUITests.xctest; sourceTree = BUILT_PRODUCTS_DIR; };
		FBFBE759275DDB83009D2951 /* SidebarUITests.swift */ = {isa = PBXFileReference; lastKnownFileType = sourcecode.swift; path = SidebarUITests.swift; sourceTree = "<group>"; };
		FBFBE75B275DDB83009D2951 /* SidebarUITestsLaunchTests.swift */ = {isa = PBXFileReference; lastKnownFileType = sourcecode.swift; path = SidebarUITestsLaunchTests.swift; sourceTree = "<group>"; };
/* End PBXFileReference section */

/* Begin PBXFrameworksBuildPhase section */
		FBFBE738275DDB7C009D2951 /* Frameworks */ = {
			isa = PBXFrameworksBuildPhase;
			buildActionMask = 2147483647;
			files = (
			);
			runOnlyForDeploymentPostprocessing = 0;
		};
		FBFBE748275DDB83009D2951 /* Frameworks */ = {
			isa = PBXFrameworksBuildPhase;
			buildActionMask = 2147483647;
			files = (
			);
			runOnlyForDeploymentPostprocessing = 0;
		};
		FBFBE752275DDB83009D2951 /* Frameworks */ = {
			isa = PBXFrameworksBuildPhase;
			buildActionMask = 2147483647;
			files = (
			);
			runOnlyForDeploymentPostprocessing = 0;
		};
/* End PBXFrameworksBuildPhase section */

/* Begin PBXGroup section */
		FBFBE732275DDB7C009D2951 = {
			isa = PBXGroup;
			children = (
				FBFBE73D275DDB7C009D2951 /* Sidebar */,
				FBFBE74E275DDB83009D2951 /* SidebarTests */,
				FBFBE758275DDB83009D2951 /* SidebarUITests */,
				FBFBE73C275DDB7C009D2951 /* Products */,
			);
			sourceTree = "<group>";
		};
		FBFBE73C275DDB7C009D2951 /* Products */ = {
			isa = PBXGroup;
			children = (
				FBFBE73B275DDB7C009D2951 /* Sidebar.app */,
				FBFBE74B275DDB83009D2951 /* SidebarTests.xctest */,
				FBFBE755275DDB83009D2951 /* SidebarUITests.xctest */,
			);
			name = Products;
			sourceTree = "<group>";
		};
		FBFBE73D275DDB7C009D2951 /* Sidebar */ = {
			isa = PBXGroup;
			children = (
				FBFBE73E275DDB7C009D2951 /* SidebarApp.swift */,
				FBFBE740275DDB7C009D2951 /* ContentView.swift */,
				FBFBE742275DDB83009D2951 /* Assets.xcassets */,
				FBFBE744275DDB83009D2951 /* Preview Content */,
			);
			path = Sidebar;
			sourceTree = "<group>";
		};
		FBFBE744275DDB83009D2951 /* Preview Content */ = {
			isa = PBXGroup;
			children = (
				FBFBE745275DDB83009D2951 /* Preview Assets.xcassets */,
			);
			path = "Preview Content";
			sourceTree = "<group>";
		};
		FBFBE74E275DDB83009D2951 /* SidebarTests */ = {
			isa = PBXGroup;
			children = (
				FBFBE74F275DDB83009D2951 /* SidebarTests.swift */,
			);
			path = SidebarTests;
			sourceTree = "<group>";
		};
		FBFBE758275DDB83009D2951 /* SidebarUITests */ = {
			isa = PBXGroup;
			children = (
				FBFBE759275DDB83009D2951 /* SidebarUITests.swift */,
				FBFBE75B275DDB83009D2951 /* SidebarUITestsLaunchTests.swift */,
			);
			path = SidebarUITests;
			sourceTree = "<group>";
		};
/* End PBXGroup section */

/* Begin PBXNativeTarget section */
		FBFBE73A275DDB7C009D2951 /* Sidebar */ = {
			isa = PBXNativeTarget;
			buildConfigurationList = FBFBE75F275DDB83009D2951 /* Build configuration list for PBXNativeTarget "Sidebar" */;
			buildPhases = (
				FBFBE737275DDB7C009D2951 /* Sources */,
				FBFBE738275DDB7C009D2951 /* Frameworks */,
				FBFBE739275DDB7C009D2951 /* Resources */,
			);
			buildRules = (
			);
			dependencies = (
			);
			name = Sidebar;
			productName = Sidebar;
			productReference = FBFBE73B275DDB7C009D2951 /* Sidebar.app */;
			productType = "com.apple.product-type.application";
		};
		FBFBE74A275DDB83009D2951 /* SidebarTests */ = {
			isa = PBXNativeTarget;
			buildConfigurationList = FBFBE762275DDB83009D2951 /* Build configuration list for PBXNativeTarget "SidebarTests" */;
			buildPhases = (
				FBFBE747275DDB83009D2951 /* Sources */,
				FBFBE748275DDB83009D2951 /* Frameworks */,
				FBFBE749275DDB83009D2951 /* Resources */,
			);
			buildRules = (
			);
			dependencies = (
				FBFBE74D275DDB83009D2951 /* PBXTargetDependency */,
			);
			name = SidebarTests;
			productName = SidebarTests;
			productReference = FBFBE74B275DDB83009D2951 /* SidebarTests.xctest */;
			productType = "com.apple.product-type.bundle.unit-test";
		};
		FBFBE754275DDB83009D2951 /* SidebarUITests */ = {
			isa = PBXNativeTarget;
			buildConfigurationList = FBFBE765275DDB83009D2951 /* Build configuration list for PBXNativeTarget "SidebarUITests" */;
			buildPhases = (
				FBFBE751275DDB83009D2951 /* Sources */,
				FBFBE752275DDB83009D2951 /* Frameworks */,
				FBFBE753275DDB83009D2951 /* Resources */,
			);
			buildRules = (
			);
			dependencies = (
				FBFBE757275DDB83009D2951 /* PBXTargetDependency */,
			);
			name = SidebarUITests;
			productName = SidebarUITests;
			productReference = FBFBE755275DDB83009D2951 /* SidebarUITests.xctest */;
			productType = "com.apple.product-type.bundle.ui-testing";
		};
/* End PBXNativeTarget section */

/* Begin PBXProject section */
		FBFBE733275DDB7C009D2951 /* Project object */ = {
			isa = PBXProject;
			attributes = {
				BuildIndependentTargetsInParallel = 1;
				LastSwiftUpdateCheck = 1310;
				LastUpgradeCheck = 1310;
				TargetAttributes = {
					FBFBE73A275DDB7C009D2951 = {
						CreatedOnToolsVersion = 13.1;
					};
					FBFBE74A275DDB83009D2951 = {
						CreatedOnToolsVersion = 13.1;
						TestTargetID = FBFBE73A275DDB7C009D2951;
					};
					FBFBE754275DDB83009D2951 = {
						CreatedOnToolsVersion = 13.1;
						TestTargetID = FBFBE73A275DDB7C009D2951;
					};
				};
			};
			buildConfigurationList = FBFBE736275DDB7C009D2951 /* Build configuration list for PBXProject "Sidebar" */;
			compatibilityVersion = "Xcode 13.0";
			developmentRegion = en;
			hasScannedForEncodings = 0;
			knownRegions = (
				en,
				Base,
			);
			mainGroup = FBFBE732275DDB7C009D2951;
			productRefGroup = FBFBE73C275DDB7C009D2951 /* Products */;
			projectDirPath = "";
			projectRoot = "";
			targets = (
				FBFBE73A275DDB7C009D2951 /* Sidebar */,
				FBFBE74A275DDB83009D2951 /* SidebarTests */,
				FBFBE754275DDB83009D2951 /* SidebarUITests */,
			);
		};
/* End PBXProject section */

/* Begin PBXResourcesBuildPhase section */
		FBFBE739275DDB7C009D2951 /* Resources */ = {
			isa = PBXResourcesBuildPhase;
			buildActionMask = 2147483647;
			files = (
				FBFBE746275DDB83009D2951 /* Preview Assets.xcassets in Resources */,
				FBFBE743275DDB83009D2951 /* Assets.xcassets in Resources */,
			);
			runOnlyForDeploymentPostprocessing = 0;
		};
		FBFBE749275DDB83009D2951 /* Resources */ = {
			isa = PBXResourcesBuildPhase;
			buildActionMask = 2147483647;
			files = (
			);
			runOnlyForDeploymentPostprocessing = 0;
		};
		FBFBE753275DDB83009D2951 /* Resources */ = {
			isa = PBXResourcesBuildPhase;
			buildActionMask = 2147483647;
			files = (
			);
			runOnlyForDeploymentPostprocessing = 0;
		};
/* End PBXResourcesBuildPhase section */

/* Begin PBXSourcesBuildPhase section */
		FBFBE737275DDB7C009D2951 /* Sources */ = {
			isa = PBXSourcesBuildPhase;
			buildActionMask = 2147483647;
			files = (
				FBFBE741275DDB7C009D2951 /* ContentView.swift in Sources */,
				FBFBE73F275DDB7C009D2951 /* SidebarApp.swift in Sources */,
			);
			runOnlyForDeploymentPostprocessing = 0;
		};
		FBFBE747275DDB83009D2951 /* Sources */ = {
			isa = PBXSourcesBuildPhase;
			buildActionMask = 2147483647;
			files = (
				FBFBE750275DDB83009D2951 /* SidebarTests.swift in Sources */,
			);
			runOnlyForDeploymentPostprocessing = 0;
		};
		FBFBE751275DDB83009D2951 /* Sources */ = {
			isa = PBXSourcesBuildPhase;
			buildActionMask = 2147483647;
			files = (
				FBFBE75A275DDB83009D2951 /* SidebarUITests.swift in Sources */,
				FBFBE75C275DDB83009D2951 /* SidebarUITestsLaunchTests.swift in Sources */,
			);
			runOnlyForDeploymentPostprocessing = 0;
		};
/* End PBXSourcesBuildPhase section */

/* Begin PBXTargetDependency section */
		FBFBE74D275DDB83009D2951 /* PBXTargetDependency */ = {
			isa = PBXTargetDependency;
			target = FBFBE73A275DDB7C009D2951 /* Sidebar */;
			targetProxy = FBFBE74C275DDB83009D2951 /* PBXContainerItemProxy */;
		};
		FBFBE757275DDB83009D2951 /* PBXTargetDependency */ = {
			isa = PBXTargetDependency;
			target = FBFBE73A275DDB7C009D2951 /* Sidebar */;
			targetProxy = FBFBE756275DDB83009D2951 /* PBXContainerItemProxy */;
		};
/* End PBXTargetDependency section */

/* Begin XCBuildConfiguration section */
		FBFBE75D275DDB83009D2951 /* Debug */ = {
			isa = XCBuildConfiguration;
			buildSettings = {
				ALWAYS_SEARCH_USER_PATHS = NO;
				CLANG_ANALYZER_NONNULL = YES;
				CLANG_ANALYZER_NUMBER_OBJECT_CONVERSION = YES_AGGRESSIVE;
				CLANG_CXX_LANGUAGE_STANDARD = "gnu++17";
				CLANG_CXX_LIBRARY = "libc++";
				CLANG_ENABLE_MODULES = YES;
				CLANG_ENABLE_OBJC_ARC = YES;
				CLANG_ENABLE_OBJC_WEAK = YES;
				CLANG_WARN_BLOCK_CAPTURE_AUTORELEASING = YES;
				CLANG_WARN_BOOL_CONVERSION = YES;
				CLANG_WARN_COMMA = YES;
				CLANG_WARN_CONSTANT_CONVERSION = YES;
				CLANG_WARN_DEPRECATED_OBJC_IMPLEMENTATIONS = YES;
				CLANG_WARN_DIRECT_OBJC_ISA_USAGE = YES_ERROR;
				CLANG_WARN_DOCUMENTATION_COMMENTS = YES;
				CLANG_WARN_EMPTY_BODY = YES;
				CLANG_WARN_ENUM_CONVERSION = YES;
				CLANG_WARN_INFINITE_RECURSION = YES;
				CLANG_WARN_INT_CONVERSION = YES;
				CLANG_WARN_NON_LITERAL_NULL_CONVERSION = YES;
				CLANG_WARN_OBJC_IMPLICIT_RETAIN_SELF = YES;
				CLANG_WARN_OBJC_LITERAL_CONVERSION = YES;
				CLANG_WARN_OBJC_ROOT_CLASS = YES_ERROR;
				CLANG_WARN_QUOTED_INCLUDE_IN_FRAMEWORK_HEADER = YES;
				CLANG_WARN_RANGE_LOOP_ANALYSIS = YES;
				CLANG_WARN_STRICT_PROTOTYPES = YES;
				CLANG_WARN_SUSPICIOUS_MOVE = YES;
				CLANG_WARN_UNGUARDED_AVAILABILITY = YES_AGGRESSIVE;
				CLANG_WARN_UNREACHABLE_CODE = YES;
				CLANG_WARN__DUPLICATE_METHOD_MATCH = YES;
				COPY_PHASE_STRIP = NO;
				DEBUG_INFORMATION_FORMAT = dwarf;
				ENABLE_STRICT_OBJC_MSGSEND = YES;
				ENABLE_TESTABILITY = YES;
				GCC_C_LANGUAGE_STANDARD = gnu11;
				GCC_DYNAMIC_NO_PIC = NO;
				GCC_NO_COMMON_BLOCKS = YES;
				GCC_OPTIMIZATION_LEVEL = 0;
				GCC_PREPROCESSOR_DEFINITIONS = (
					"DEBUG=1",
					"$(inherited)",
				);
				GCC_WARN_64_TO_32_BIT_CONVERSION = YES;
				GCC_WARN_ABOUT_RETURN_TYPE = YES_ERROR;
				GCC_WARN_UNDECLARED_SELECTOR = YES;
				GCC_WARN_UNINITIALIZED_AUTOS = YES_AGGRESSIVE;
				GCC_WARN_UNUSED_FUNCTION = YES;
				GCC_WARN_UNUSED_VARIABLE = YES;
				IPHONEOS_DEPLOYMENT_TARGET = 15.0;
				MTL_ENABLE_DEBUG_INFO = INCLUDE_SOURCE;
				MTL_FAST_MATH = YES;
				ONLY_ACTIVE_ARCH = YES;
				SDKROOT = iphoneos;
				SWIFT_ACTIVE_COMPILATION_CONDITIONS = DEBUG;
				SWIFT_OPTIMIZATION_LEVEL = "-Onone";
			};
			name = Debug;
		};
		FBFBE75E275DDB83009D2951 /* Release */ = {
			isa = XCBuildConfiguration;
			buildSettings = {
				ALWAYS_SEARCH_USER_PATHS = NO;
				CLANG_ANALYZER_NONNULL = YES;
				CLANG_ANALYZER_NUMBER_OBJECT_CONVERSION = YES_AGGRESSIVE;
				CLANG_CXX_LANGUAGE_STANDARD = "gnu++17";
				CLANG_CXX_LIBRARY = "libc++";
				CLANG_ENABLE_MODULES = YES;
				CLANG_ENABLE_OBJC_ARC = YES;
				CLANG_ENABLE_OBJC_WEAK = YES;
				CLANG_WARN_BLOCK_CAPTURE_AUTORELEASING = YES;
				CLANG_WARN_BOOL_CONVERSION = YES;
				CLANG_WARN_COMMA = YES;
				CLANG_WARN_CONSTANT_CONVERSION = YES;
				CLANG_WARN_DEPRECATED_OBJC_IMPLEMENTATIONS = YES;
				CLANG_WARN_DIRECT_OBJC_ISA_USAGE = YES_ERROR;
				CLANG_WARN_DOCUMENTATION_COMMENTS = YES;
				CLANG_WARN_EMPTY_BODY = YES;
				CLANG_WARN_ENUM_CONVERSION = YES;
				CLANG_WARN_INFINITE_RECURSION = YES;
				CLANG_WARN_INT_CONVERSION = YES;
				CLANG_WARN_NON_LITERAL_NULL_CONVERSION = YES;
				CLANG_WARN_OBJC_IMPLICIT_RETAIN_SELF = YES;
				CLANG_WARN_OBJC_LITERAL_CONVERSION = YES;
				CLANG_WARN_OBJC_ROOT_CLASS = YES_ERROR;
				CLANG_WARN_QUOTED_INCLUDE_IN_FRAMEWORK_HEADER = YES;
				CLANG_WARN_RANGE_LOOP_ANALYSIS = YES;
				CLANG_WARN_STRICT_PROTOTYPES = YES;
				CLANG_WARN_SUSPICIOUS_MOVE = YES;
				CLANG_WARN_UNGUARDED_AVAILABILITY = YES_AGGRESSIVE;
				CLANG_WARN_UNREACHABLE_CODE = YES;
				CLANG_WARN__DUPLICATE_METHOD_MATCH = YES;
				COPY_PHASE_STRIP = NO;
				DEBUG_INFORMATION_FORMAT = "dwarf-with-dsym";
				ENABLE_NS_ASSERTIONS = NO;
				ENABLE_STRICT_OBJC_MSGSEND = YES;
				GCC_C_LANGUAGE_STANDARD = gnu11;
				GCC_NO_COMMON_BLOCKS = YES;
				GCC_WARN_64_TO_32_BIT_CONVERSION = YES;
				GCC_WARN_ABOUT_RETURN_TYPE = YES_ERROR;
				GCC_WARN_UNDECLARED_SELECTOR = YES;
				GCC_WARN_UNINITIALIZED_AUTOS = YES_AGGRESSIVE;
				GCC_WARN_UNUSED_FUNCTION = YES;
				GCC_WARN_UNUSED_VARIABLE = YES;
				IPHONEOS_DEPLOYMENT_TARGET = 15.0;
				MTL_ENABLE_DEBUG_INFO = NO;
				MTL_FAST_MATH = YES;
				SDKROOT = iphoneos;
				SWIFT_COMPILATION_MODE = wholemodule;
				SWIFT_OPTIMIZATION_LEVEL = "-O";
				VALIDATE_PRODUCT = YES;
			};
			name = Release;
		};
		FBFBE760275DDB83009D2951 /* Debug */ = {
			isa = XCBuildConfiguration;
			buildSettings = {
				ASSETCATALOG_COMPILER_APPICON_NAME = AppIcon;
				ASSETCATALOG_COMPILER_GLOBAL_ACCENT_COLOR_NAME = AccentColor;
				CODE_SIGN_STYLE = Automatic;
				CURRENT_PROJECT_VERSION = 1;
				DEVELOPMENT_ASSET_PATHS = "\"Sidebar/Preview Content\"";
				ENABLE_PREVIEWS = YES;
				GENERATE_INFOPLIST_FILE = YES;
				INFOPLIST_KEY_UIApplicationSceneManifest_Generation = YES;
				INFOPLIST_KEY_UIApplicationSupportsIndirectInputEvents = YES;
				INFOPLIST_KEY_UILaunchScreen_Generation = YES;
				INFOPLIST_KEY_UISupportedInterfaceOrientations_iPad = "UIInterfaceOrientationPortrait UIInterfaceOrientationPortraitUpsideDown UIInterfaceOrientationLandscapeLeft UIInterfaceOrientationLandscapeRight";
				INFOPLIST_KEY_UISupportedInterfaceOrientations_iPhone = "UIInterfaceOrientationPortrait UIInterfaceOrientationLandscapeLeft UIInterfaceOrientationLandscapeRight";
				LD_RUNPATH_SEARCH_PATHS = (
					"$(inherited)",
					"@executable_path/Frameworks",
				);
				MARKETING_VERSION = 1.0;
				PRODUCT_BUNDLE_IDENTIFIER = c.Sidebar;
				PRODUCT_NAME = "$(TARGET_NAME)";
				SWIFT_EMIT_LOC_STRINGS = YES;
				SWIFT_VERSION = 5.0;
				TARGETED_DEVICE_FAMILY = "1,2";
			};
			name = Debug;
		};
		FBFBE761275DDB83009D2951 /* Release */ = {
			isa = XCBuildConfiguration;
			buildSettings = {
				ASSETCATALOG_COMPILER_APPICON_NAME = AppIcon;
				ASSETCATALOG_COMPILER_GLOBAL_ACCENT_COLOR_NAME = AccentColor;
				CODE_SIGN_STYLE = Automatic;
				CURRENT_PROJECT_VERSION = 1;
				DEVELOPMENT_ASSET_PATHS = "\"Sidebar/Preview Content\"";
				ENABLE_PREVIEWS = YES;
				GENERATE_INFOPLIST_FILE = YES;
				INFOPLIST_KEY_UIApplicationSceneManifest_Generation = YES;
				INFOPLIST_KEY_UIApplicationSupportsIndirectInputEvents = YES;
				INFOPLIST_KEY_UILaunchScreen_Generation = YES;
				INFOPLIST_KEY_UISupportedInterfaceOrientations_iPad = "UIInterfaceOrientationPortrait UIInterfaceOrientationPortraitUpsideDown UIInterfaceOrientationLandscapeLeft UIInterfaceOrientationLandscapeRight";
				INFOPLIST_KEY_UISupportedInterfaceOrientations_iPhone = "UIInterfaceOrientationPortrait UIInterfaceOrientationLandscapeLeft UIInterfaceOrientationLandscapeRight";
				LD_RUNPATH_SEARCH_PATHS = (
					"$(inherited)",
					"@executable_path/Frameworks",
				);
				MARKETING_VERSION = 1.0;
				PRODUCT_BUNDLE_IDENTIFIER = c.Sidebar;
				PRODUCT_NAME = "$(TARGET_NAME)";
				SWIFT_EMIT_LOC_STRINGS = YES;
				SWIFT_VERSION = 5.0;
				TARGETED_DEVICE_FAMILY = "1,2";
			};
			name = Release;
		};
		FBFBE763275DDB83009D2951 /* Debug */ = {
			isa = XCBuildConfiguration;
			buildSettings = {
				ALWAYS_EMBED_SWIFT_STANDARD_LIBRARIES = YES;
				BUNDLE_LOADER = "$(TEST_HOST)";
				CODE_SIGN_STYLE = Automatic;
				CURRENT_PROJECT_VERSION = 1;
				GENERATE_INFOPLIST_FILE = YES;
				IPHONEOS_DEPLOYMENT_TARGET = 15.0;
				LD_RUNPATH_SEARCH_PATHS = (
					"$(inherited)",
					"@executable_path/Frameworks",
					"@loader_path/Frameworks",
				);
				MARKETING_VERSION = 1.0;
				PRODUCT_BUNDLE_IDENTIFIER = c.SidebarTests;
				PRODUCT_NAME = "$(TARGET_NAME)";
				SWIFT_EMIT_LOC_STRINGS = NO;
				SWIFT_VERSION = 5.0;
				TARGETED_DEVICE_FAMILY = "1,2";
				TEST_HOST = "$(BUILT_PRODUCTS_DIR)/Sidebar.app/Sidebar";
			};
			name = Debug;
		};
		FBFBE764275DDB83009D2951 /* Release */ = {
			isa = XCBuildConfiguration;
			buildSettings = {
				ALWAYS_EMBED_SWIFT_STANDARD_LIBRARIES = YES;
				BUNDLE_LOADER = "$(TEST_HOST)";
				CODE_SIGN_STYLE = Automatic;
				CURRENT_PROJECT_VERSION = 1;
				GENERATE_INFOPLIST_FILE = YES;
				IPHONEOS_DEPLOYMENT_TARGET = 15.0;
				LD_RUNPATH_SEARCH_PATHS = (
					"$(inherited)",
					"@executable_path/Frameworks",
					"@loader_path/Frameworks",
				);
				MARKETING_VERSION = 1.0;
				PRODUCT_BUNDLE_IDENTIFIER = c.SidebarTests;
				PRODUCT_NAME = "$(TARGET_NAME)";
				SWIFT_EMIT_LOC_STRINGS = NO;
				SWIFT_VERSION = 5.0;
				TARGETED_DEVICE_FAMILY = "1,2";
				TEST_HOST = "$(BUILT_PRODUCTS_DIR)/Sidebar.app/Sidebar";
			};
			name = Release;
		};
		FBFBE766275DDB83009D2951 /* Debug */ = {
			isa = XCBuildConfiguration;
			buildSettings = {
				ALWAYS_EMBED_SWIFT_STANDARD_LIBRARIES = YES;
				CODE_SIGN_STYLE = Automatic;
				CURRENT_PROJECT_VERSION = 1;
				GENERATE_INFOPLIST_FILE = YES;
				LD_RUNPATH_SEARCH_PATHS = (
					"$(inherited)",
					"@executable_path/Frameworks",
					"@loader_path/Frameworks",
				);
				MARKETING_VERSION = 1.0;
				PRODUCT_BUNDLE_IDENTIFIER = c.SidebarUITests;
				PRODUCT_NAME = "$(TARGET_NAME)";
				SWIFT_EMIT_LOC_STRINGS = NO;
				SWIFT_VERSION = 5.0;
				TARGETED_DEVICE_FAMILY = "1,2";
				TEST_TARGET_NAME = Sidebar;
			};
			name = Debug;
		};
		FBFBE767275DDB83009D2951 /* Release */ = {
			isa = XCBuildConfiguration;
			buildSettings = {
				ALWAYS_EMBED_SWIFT_STANDARD_LIBRARIES = YES;
				CODE_SIGN_STYLE = Automatic;
				CURRENT_PROJECT_VERSION = 1;
				GENERATE_INFOPLIST_FILE = YES;
				LD_RUNPATH_SEARCH_PATHS = (
					"$(inherited)",
					"@executable_path/Frameworks",
					"@loader_path/Frameworks",
				);
				MARKETING_VERSION = 1.0;
				PRODUCT_BUNDLE_IDENTIFIER = c.SidebarUITests;
				PRODUCT_NAME = "$(TARGET_NAME)";
				SWIFT_EMIT_LOC_STRINGS = NO;
				SWIFT_VERSION = 5.0;
				TARGETED_DEVICE_FAMILY = "1,2";
				TEST_TARGET_NAME = Sidebar;
			};
			name = Release;
		};
/* End XCBuildConfiguration section */

/* Begin XCConfigurationList section */
		FBFBE736275DDB7C009D2951 /* Build configuration list for PBXProject "Sidebar" */ = {
			isa = XCConfigurationList;
			buildConfigurations = (
				FBFBE75D275DDB83009D2951 /* Debug */,
				FBFBE75E275DDB83009D2951 /* Release */,
			);
			defaultConfigurationIsVisible = 0;
			defaultConfigurationName = Release;
		};
		FBFBE75F275DDB83009D2951 /* Build configuration list for PBXNativeTarget "Sidebar" */ = {
			isa = XCConfigurationList;
			buildConfigurations = (
				FBFBE760275DDB83009D2951 /* Debug */,
				FBFBE761275DDB83009D2951 /* Release */,
			);
			defaultConfigurationIsVisible = 0;
			defaultConfigurationName = Release;
		};
		FBFBE762275DDB83009D2951 /* Build configuration list for PBXNativeTarget "SidebarTests" */ = {
			isa = XCConfigurationList;
			buildConfigurations = (
				FBFBE763275DDB83009D2951 /* Debug */,
				FBFBE764275DDB83009D2951 /* Release */,
			);
			defaultConfigurationIsVisible = 0;
			defaultConfigurationName = Release;
		};
		FBFBE765275DDB83009D2951 /* Build configuration list for PBXNativeTarget "SidebarUITests" */ = {
			isa = XCConfigurationList;
			buildConfigurations = (
				FBFBE766275DDB83009D2951 /* Debug */,
				FBFBE767275DDB83009D2951 /* Release */,
			);
			defaultConfigurationIsVisible = 0;
			defaultConfigurationName = Release;
		};
/* End XCConfigurationList section */
	};
	rootObject = FBFBE733275DDB7C009D2951 /* Project object */;
}
